// !$*UTF8*$!
{
	archiveVersion = 1;
	classes = {
	};
	objectVersion = 50;
	objects = {

/* Begin PBXBuildFile section */
		851F27C6257A2D8D00FE34A2 /* TableviewHelper.swift in Sources */ = {isa = PBXBuildFile; fileRef = 851F27C5257A2D8D00FE34A2 /* TableviewHelper.swift */; };
		853A4D5325318A62007F778B /* EventDetailViewController.swift in Sources */ = {isa = PBXBuildFile; fileRef = 853A4D5225318A62007F778B /* EventDetailViewController.swift */; };
		853A4D5A25319F58007F778B /* PersistenceController.swift in Sources */ = {isa = PBXBuildFile; fileRef = 853A4D5925319F58007F778B /* PersistenceController.swift */; };
		853A4D5E2531A2C3007F778B /* BookmarksTableViewController.swift in Sources */ = {isa = PBXBuildFile; fileRef = 853A4D5D2531A2C3007F778B /* BookmarksTableViewController.swift */; };
		855D4DDF252E780D0075514C /* AppDelegate.swift in Sources */ = {isa = PBXBuildFile; fileRef = 855D4DDE252E780D0075514C /* AppDelegate.swift */; };
		855D4DE1252E780D0075514C /* SceneDelegate.swift in Sources */ = {isa = PBXBuildFile; fileRef = 855D4DE0252E780D0075514C /* SceneDelegate.swift */; };
		855D4DE6252E780D0075514C /* Main.storyboard in Resources */ = {isa = PBXBuildFile; fileRef = 855D4DE4252E780D0075514C /* Main.storyboard */; };
		855D4DE8252E780E0075514C /* Assets.xcassets in Resources */ = {isa = PBXBuildFile; fileRef = 855D4DE7252E780E0075514C /* Assets.xcassets */; };
		855D4DEB252E780E0075514C /* LaunchScreen.storyboard in Resources */ = {isa = PBXBuildFile; fileRef = 855D4DE9252E780E0075514C /* LaunchScreen.storyboard */; };
		855D4DF6252E7D230075514C /* EventsResultsTableViewController.swift in Sources */ = {isa = PBXBuildFile; fileRef = 855D4DF5252E7D230075514C /* EventsResultsTableViewController.swift */; };
		855D4DF9252E7DF60075514C /* Event.swift in Sources */ = {isa = PBXBuildFile; fileRef = 855D4DF8252E7DF60075514C /* Event.swift */; };
		855D4DFC252E7F450075514C /* APIController.swift in Sources */ = {isa = PBXBuildFile; fileRef = 855D4DFB252E7F450075514C /* APIController.swift */; };
		855D4E16252EEF330075514C /* Date+Extension.swift in Sources */ = {isa = PBXBuildFile; fileRef = 855D4E15252EEF320075514C /* Date+Extension.swift */; };
		85873639253053560047A13D /* SelectDateViewController.swift in Sources */ = {isa = PBXBuildFile; fileRef = 85873638253053560047A13D /* SelectDateViewController.swift */; };
		8597D92A2531AD9000DC5F87 /* BookmarkedEvent.swift in Sources */ = {isa = PBXBuildFile; fileRef = 8597D9292531AD9000DC5F87 /* BookmarkedEvent.swift */; };
		85ECEE0E25776BB600B16AAA /* HomeViewController.swift in Sources */ = {isa = PBXBuildFile; fileRef = 85ECEE0D25776BB600B16AAA /* HomeViewController.swift */; };
		85ECEE332578455C00B16AAA /* BookmarkedEventDetailViewController.swift in Sources */ = {isa = PBXBuildFile; fileRef = 85ECEE322578455C00B16AAA /* BookmarkedEventDetailViewController.swift */; };
		85ECEE3D2578B19200B16AAA /* InfoViewController.swift in Sources */ = {isa = PBXBuildFile; fileRef = 85ECEE3C2578B19200B16AAA /* InfoViewController.swift */; };
/* End PBXBuildFile section */

/* Begin PBXFileReference section */
		851F27C5257A2D8D00FE34A2 /* TableviewHelper.swift */ = {isa = PBXFileReference; lastKnownFileType = sourcecode.swift; path = TableviewHelper.swift; sourceTree = "<group>"; };
		853A4D5225318A62007F778B /* EventDetailViewController.swift */ = {isa = PBXFileReference; lastKnownFileType = sourcecode.swift; path = EventDetailViewController.swift; sourceTree = "<group>"; };
		853A4D5925319F58007F778B /* PersistenceController.swift */ = {isa = PBXFileReference; lastKnownFileType = sourcecode.swift; path = PersistenceController.swift; sourceTree = "<group>"; };
		853A4D5D2531A2C3007F778B /* BookmarksTableViewController.swift */ = {isa = PBXFileReference; lastKnownFileType = sourcecode.swift; path = BookmarksTableViewController.swift; sourceTree = "<group>"; };
		855D4DDB252E780D0075514C /* Today In History.app */ = {isa = PBXFileReference; explicitFileType = wrapper.application; includeInIndex = 0; path = "Today In History.app"; sourceTree = BUILT_PRODUCTS_DIR; };
		855D4DDE252E780D0075514C /* AppDelegate.swift */ = {isa = PBXFileReference; lastKnownFileType = sourcecode.swift; path = AppDelegate.swift; sourceTree = "<group>"; };
		855D4DE0252E780D0075514C /* SceneDelegate.swift */ = {isa = PBXFileReference; lastKnownFileType = sourcecode.swift; path = SceneDelegate.swift; sourceTree = "<group>"; };
		855D4DE5252E780D0075514C /* Base */ = {isa = PBXFileReference; lastKnownFileType = file.storyboard; name = Base; path = Base.lproj/Main.storyboard; sourceTree = "<group>"; };
		855D4DE7252E780E0075514C /* Assets.xcassets */ = {isa = PBXFileReference; lastKnownFileType = folder.assetcatalog; path = Assets.xcassets; sourceTree = "<group>"; };
		855D4DEA252E780E0075514C /* Base */ = {isa = PBXFileReference; lastKnownFileType = file.storyboard; name = Base; path = Base.lproj/LaunchScreen.storyboard; sourceTree = "<group>"; };
		855D4DEC252E780E0075514C /* Info.plist */ = {isa = PBXFileReference; lastKnownFileType = text.plist.xml; path = Info.plist; sourceTree = "<group>"; };
		855D4DF5252E7D230075514C /* EventsResultsTableViewController.swift */ = {isa = PBXFileReference; lastKnownFileType = sourcecode.swift; path = EventsResultsTableViewController.swift; sourceTree = "<group>"; };
		855D4DF8252E7DF60075514C /* Event.swift */ = {isa = PBXFileReference; lastKnownFileType = sourcecode.swift; path = Event.swift; sourceTree = "<group>"; };
		855D4DFB252E7F450075514C /* APIController.swift */ = {isa = PBXFileReference; lastKnownFileType = sourcecode.swift; path = APIController.swift; sourceTree = "<group>"; };
		855D4E15252EEF320075514C /* Date+Extension.swift */ = {isa = PBXFileReference; lastKnownFileType = sourcecode.swift; path = "Date+Extension.swift"; sourceTree = "<group>"; };
		85873638253053560047A13D /* SelectDateViewController.swift */ = {isa = PBXFileReference; lastKnownFileType = sourcecode.swift; path = SelectDateViewController.swift; sourceTree = "<group>"; };
		8597D9292531AD9000DC5F87 /* BookmarkedEvent.swift */ = {isa = PBXFileReference; lastKnownFileType = sourcecode.swift; path = BookmarkedEvent.swift; sourceTree = "<group>"; };
		85ECEE0D25776BB600B16AAA /* HomeViewController.swift */ = {isa = PBXFileReference; lastKnownFileType = sourcecode.swift; path = HomeViewController.swift; sourceTree = "<group>"; };
		85ECEE322578455C00B16AAA /* BookmarkedEventDetailViewController.swift */ = {isa = PBXFileReference; lastKnownFileType = sourcecode.swift; path = BookmarkedEventDetailViewController.swift; sourceTree = "<group>"; };
		85ECEE3C2578B19200B16AAA /* InfoViewController.swift */ = {isa = PBXFileReference; lastKnownFileType = sourcecode.swift; path = InfoViewController.swift; sourceTree = "<group>"; };
/* End PBXFileReference section */

/* Begin PBXFrameworksBuildPhase section */
		855D4DD8252E780D0075514C /* Frameworks */ = {
			isa = PBXFrameworksBuildPhase;
			buildActionMask = 2147483647;
			files = (
			);
			runOnlyForDeploymentPostprocessing = 0;
		};
/* End PBXFrameworksBuildPhase section */

/* Begin PBXGroup section */
		855D4DD2252E780D0075514C = {
			isa = PBXGroup;
			children = (
				855D4DDD252E780D0075514C /* Today In History */,
				855D4DDC252E780D0075514C /* Products */,
			);
			sourceTree = "<group>";
		};
		855D4DDC252E780D0075514C /* Products */ = {
			isa = PBXGroup;
			children = (
				855D4DDB252E780D0075514C /* Today In History.app */,
			);
			name = Products;
			sourceTree = "<group>";
		};
		855D4DDD252E780D0075514C /* Today In History */ = {
			isa = PBXGroup;
			children = (
				855D4DDE252E780D0075514C /* AppDelegate.swift */,
				855D4DE0252E780D0075514C /* SceneDelegate.swift */,
				855D4DE7252E780E0075514C /* Assets.xcassets */,
				855D4DEC252E780E0075514C /* Info.plist */,
				855D4E0B252ECB830075514C /* Controllers */,
				855D4E09252ECB780075514C /* Models */,
				855D4E0F252ED1BB0075514C /* Views */,
				855D4E07252ECB670075514C /* View Controllers */,
				855D4E15252EEF320075514C /* Date+Extension.swift */,
				851F27C5257A2D8D00FE34A2 /* TableviewHelper.swift */,
			);
			path = "Today In History";
			sourceTree = "<group>";
		};
		855D4E07252ECB670075514C /* View Controllers */ = {
			isa = PBXGroup;
			children = (
				85ECEE0D25776BB600B16AAA /* HomeViewController.swift */,
				855D4DF5252E7D230075514C /* EventsResultsTableViewController.swift */,
				853A4D5225318A62007F778B /* EventDetailViewController.swift */,
				85873638253053560047A13D /* SelectDateViewController.swift */,
				853A4D5D2531A2C3007F778B /* BookmarksTableViewController.swift */,
				85ECEE322578455C00B16AAA /* BookmarkedEventDetailViewController.swift */,
				85ECEE3C2578B19200B16AAA /* InfoViewController.swift */,
			);
			path = "View Controllers";
			sourceTree = "<group>";
		};
		855D4E09252ECB780075514C /* Models */ = {
			isa = PBXGroup;
			children = (
				855D4DF8252E7DF60075514C /* Event.swift */,
				8597D9292531AD9000DC5F87 /* BookmarkedEvent.swift */,
			);
			path = Models;
			sourceTree = "<group>";
		};
		855D4E0B252ECB830075514C /* Controllers */ = {
			isa = PBXGroup;
			children = (
				855D4DFB252E7F450075514C /* APIController.swift */,
				853A4D5925319F58007F778B /* PersistenceController.swift */,
			);
			path = Controllers;
			sourceTree = "<group>";
		};
		855D4E0F252ED1BB0075514C /* Views */ = {
			isa = PBXGroup;
			children = (
				855D4DE9252E780E0075514C /* LaunchScreen.storyboard */,
				855D4DE4252E780D0075514C /* Main.storyboard */,
			);
			path = Views;
			sourceTree = "<group>";
		};
/* End PBXGroup section */

/* Begin PBXNativeTarget section */
		855D4DDA252E780D0075514C /* Today In History */ = {
			isa = PBXNativeTarget;
			buildConfigurationList = 855D4DEF252E780E0075514C /* Build configuration list for PBXNativeTarget "Today In History" */;
			buildPhases = (
				855D4DD7252E780D0075514C /* Sources */,
				855D4DD8252E780D0075514C /* Frameworks */,
				855D4DD9252E780D0075514C /* Resources */,
			);
			buildRules = (
			);
			dependencies = (
			);
			name = "Today In History";
			productName = "Today In History";
			productReference = 855D4DDB252E780D0075514C /* Today In History.app */;
			productType = "com.apple.product-type.application";
		};
/* End PBXNativeTarget section */

/* Begin PBXProject section */
		855D4DD3252E780D0075514C /* Project object */ = {
			isa = PBXProject;
			attributes = {
				LastSwiftUpdateCheck = 1200;
				LastUpgradeCheck = 1200;
				TargetAttributes = {
					855D4DDA252E780D0075514C = {
						CreatedOnToolsVersion = 12.0.1;
					};
				};
			};
			buildConfigurationList = 855D4DD6252E780D0075514C /* Build configuration list for PBXProject "Today In History" */;
			compatibilityVersion = "Xcode 9.3";
			developmentRegion = en;
			hasScannedForEncodings = 0;
			knownRegions = (
				en,
				Base,
			);
			mainGroup = 855D4DD2252E780D0075514C;
			productRefGroup = 855D4DDC252E780D0075514C /* Products */;
			projectDirPath = "";
			projectRoot = "";
			targets = (
				855D4DDA252E780D0075514C /* Today In History */,
			);
		};
/* End PBXProject section */

/* Begin PBXResourcesBuildPhase section */
		855D4DD9252E780D0075514C /* Resources */ = {
			isa = PBXResourcesBuildPhase;
			buildActionMask = 2147483647;
			files = (
				855D4DEB252E780E0075514C /* LaunchScreen.storyboard in Resources */,
				855D4DE8252E780E0075514C /* Assets.xcassets in Resources */,
				855D4DE6252E780D0075514C /* Main.storyboard in Resources */,
			);
			runOnlyForDeploymentPostprocessing = 0;
		};
/* End PBXResourcesBuildPhase section */

/* Begin PBXSourcesBuildPhase section */
		855D4DD7252E780D0075514C /* Sources */ = {
			isa = PBXSourcesBuildPhase;
			buildActionMask = 2147483647;
			files = (
				85ECEE332578455C00B16AAA /* BookmarkedEventDetailViewController.swift in Sources */,
				853A4D5325318A62007F778B /* EventDetailViewController.swift in Sources */,
				853A4D5E2531A2C3007F778B /* BookmarksTableViewController.swift in Sources */,
				855D4DF9252E7DF60075514C /* Event.swift in Sources */,
				85ECEE3D2578B19200B16AAA /* InfoViewController.swift in Sources */,
				851F27C6257A2D8D00FE34A2 /* TableviewHelper.swift in Sources */,
				855D4DDF252E780D0075514C /* AppDelegate.swift in Sources */,
				855D4DF6252E7D230075514C /* EventsResultsTableViewController.swift in Sources */,
				8597D92A2531AD9000DC5F87 /* BookmarkedEvent.swift in Sources */,
				85ECEE0E25776BB600B16AAA /* HomeViewController.swift in Sources */,
				855D4E16252EEF330075514C /* Date+Extension.swift in Sources */,
				853A4D5A25319F58007F778B /* PersistenceController.swift in Sources */,
				85873639253053560047A13D /* SelectDateViewController.swift in Sources */,
				855D4DE1252E780D0075514C /* SceneDelegate.swift in Sources */,
				855D4DFC252E7F450075514C /* APIController.swift in Sources */,
			);
			runOnlyForDeploymentPostprocessing = 0;
		};
/* End PBXSourcesBuildPhase section */

/* Begin PBXVariantGroup section */
		855D4DE4252E780D0075514C /* Main.storyboard */ = {
			isa = PBXVariantGroup;
			children = (
				855D4DE5252E780D0075514C /* Base */,
			);
			name = Main.storyboard;
			sourceTree = "<group>";
		};
		855D4DE9252E780E0075514C /* LaunchScreen.storyboard */ = {
			isa = PBXVariantGroup;
			children = (
				855D4DEA252E780E0075514C /* Base */,
			);
			name = LaunchScreen.storyboard;
			sourceTree = "<group>";
		};
/* End PBXVariantGroup section */

/* Begin XCBuildConfiguration section */
		855D4DED252E780E0075514C /* Debug */ = {
			isa = XCBuildConfiguration;
			buildSettings = {
				ALWAYS_SEARCH_USER_PATHS = NO;
				CLANG_ANALYZER_NONNULL = YES;
				CLANG_ANALYZER_NUMBER_OBJECT_CONVERSION = YES_AGGRESSIVE;
				CLANG_CXX_LANGUAGE_STANDARD = "gnu++14";
				CLANG_CXX_LIBRARY = "libc++";
				CLANG_ENABLE_MODULES = YES;
				CLANG_ENABLE_OBJC_ARC = YES;
				CLANG_ENABLE_OBJC_WEAK = YES;
				CLANG_WARN_BLOCK_CAPTURE_AUTORELEASING = YES;
				CLANG_WARN_BOOL_CONVERSION = YES;
				CLANG_WARN_COMMA = YES;
				CLANG_WARN_CONSTANT_CONVERSION = YES;
				CLANG_WARN_DEPRECATED_OBJC_IMPLEMENTATIONS = YES;
				CLANG_WARN_DIRECT_OBJC_ISA_USAGE = YES_ERROR;
				CLANG_WARN_DOCUMENTATION_COMMENTS = YES;
				CLANG_WARN_EMPTY_BODY = YES;
				CLANG_WARN_ENUM_CONVERSION = YES;
				CLANG_WARN_INFINITE_RECURSION = YES;
				CLANG_WARN_INT_CONVERSION = YES;
				CLANG_WARN_NON_LITERAL_NULL_CONVERSION = YES;
				CLANG_WARN_OBJC_IMPLICIT_RETAIN_SELF = YES;
				CLANG_WARN_OBJC_LITERAL_CONVERSION = YES;
				CLANG_WARN_OBJC_ROOT_CLASS = YES_ERROR;
				CLANG_WARN_QUOTED_INCLUDE_IN_FRAMEWORK_HEADER = YES;
				CLANG_WARN_RANGE_LOOP_ANALYSIS = YES;
				CLANG_WARN_STRICT_PROTOTYPES = YES;
				CLANG_WARN_SUSPICIOUS_MOVE = YES;
				CLANG_WARN_UNGUARDED_AVAILABILITY = YES_AGGRESSIVE;
				CLANG_WARN_UNREACHABLE_CODE = YES;
				CLANG_WARN__DUPLICATE_METHOD_MATCH = YES;
				COPY_PHASE_STRIP = NO;
				DEBUG_INFORMATION_FORMAT = dwarf;
				ENABLE_STRICT_OBJC_MSGSEND = YES;
				ENABLE_TESTABILITY = YES;
				GCC_C_LANGUAGE_STANDARD = gnu11;
				GCC_DYNAMIC_NO_PIC = NO;
				GCC_NO_COMMON_BLOCKS = YES;
				GCC_OPTIMIZATION_LEVEL = 0;
				GCC_PREPROCESSOR_DEFINITIONS = (
					"DEBUG=1",
					"$(inherited)",
				);
				GCC_WARN_64_TO_32_BIT_CONVERSION = YES;
				GCC_WARN_ABOUT_RETURN_TYPE = YES_ERROR;
				GCC_WARN_UNDECLARED_SELECTOR = YES;
				GCC_WARN_UNINITIALIZED_AUTOS = YES_AGGRESSIVE;
				GCC_WARN_UNUSED_FUNCTION = YES;
				GCC_WARN_UNUSED_VARIABLE = YES;
				IPHONEOS_DEPLOYMENT_TARGET = 14.0;
				MTL_ENABLE_DEBUG_INFO = INCLUDE_SOURCE;
				MTL_FAST_MATH = YES;
				ONLY_ACTIVE_ARCH = YES;
				SDKROOT = iphoneos;
				SWIFT_ACTIVE_COMPILATION_CONDITIONS = DEBUG;
				SWIFT_OPTIMIZATION_LEVEL = "-Onone";
			};
			name = Debug;
		};
		855D4DEE252E780E0075514C /* Release */ = {
			isa = XCBuildConfiguration;
			buildSettings = {
				ALWAYS_SEARCH_USER_PATHS = NO;
				CLANG_ANALYZER_NONNULL = YES;
				CLANG_ANALYZER_NUMBER_OBJECT_CONVERSION = YES_AGGRESSIVE;
				CLANG_CXX_LANGUAGE_STANDARD = "gnu++14";
				CLANG_CXX_LIBRARY = "libc++";
				CLANG_ENABLE_MODULES = YES;
				CLANG_ENABLE_OBJC_ARC = YES;
				CLANG_ENABLE_OBJC_WEAK = YES;
				CLANG_WARN_BLOCK_CAPTURE_AUTORELEASING = YES;
				CLANG_WARN_BOOL_CONVERSION = YES;
				CLANG_WARN_COMMA = YES;
				CLANG_WARN_CONSTANT_CONVERSION = YES;
				CLANG_WARN_DEPRECATED_OBJC_IMPLEMENTATIONS = YES;
				CLANG_WARN_DIRECT_OBJC_ISA_USAGE = YES_ERROR;
				CLANG_WARN_DOCUMENTATION_COMMENTS = YES;
				CLANG_WARN_EMPTY_BODY = YES;
				CLANG_WARN_ENUM_CONVERSION = YES;
				CLANG_WARN_INFINITE_RECURSION = YES;
				CLANG_WARN_INT_CONVERSION = YES;
				CLANG_WARN_NON_LITERAL_NULL_CONVERSION = YES;
				CLANG_WARN_OBJC_IMPLICIT_RETAIN_SELF = YES;
				CLANG_WARN_OBJC_LITERAL_CONVERSION = YES;
				CLANG_WARN_OBJC_ROOT_CLASS = YES_ERROR;
				CLANG_WARN_QUOTED_INCLUDE_IN_FRAMEWORK_HEADER = YES;
				CLANG_WARN_RANGE_LOOP_ANALYSIS = YES;
				CLANG_WARN_STRICT_PROTOTYPES = YES;
				CLANG_WARN_SUSPICIOUS_MOVE = YES;
				CLANG_WARN_UNGUARDED_AVAILABILITY = YES_AGGRESSIVE;
				CLANG_WARN_UNREACHABLE_CODE = YES;
				CLANG_WARN__DUPLICATE_METHOD_MATCH = YES;
				COPY_PHASE_STRIP = NO;
				DEBUG_INFORMATION_FORMAT = "dwarf-with-dsym";
				ENABLE_NS_ASSERTIONS = NO;
				ENABLE_STRICT_OBJC_MSGSEND = YES;
				GCC_C_LANGUAGE_STANDARD = gnu11;
				GCC_NO_COMMON_BLOCKS = YES;
				GCC_WARN_64_TO_32_BIT_CONVERSION = YES;
				GCC_WARN_ABOUT_RETURN_TYPE = YES_ERROR;
				GCC_WARN_UNDECLARED_SELECTOR = YES;
				GCC_WARN_UNINITIALIZED_AUTOS = YES_AGGRESSIVE;
				GCC_WARN_UNUSED_FUNCTION = YES;
				GCC_WARN_UNUSED_VARIABLE = YES;
				IPHONEOS_DEPLOYMENT_TARGET = 14.0;
				MTL_ENABLE_DEBUG_INFO = NO;
				MTL_FAST_MATH = YES;
				SDKROOT = iphoneos;
				SWIFT_COMPILATION_MODE = wholemodule;
				SWIFT_OPTIMIZATION_LEVEL = "-O";
				VALIDATE_PRODUCT = YES;
			};
			name = Release;
		};
		855D4DF0252E780E0075514C /* Debug */ = {
			isa = XCBuildConfiguration;
			buildSettings = {
				ASSETCATALOG_COMPILER_APPICON_NAME = AppIcon;
				ASSETCATALOG_COMPILER_GLOBAL_ACCENT_COLOR_NAME = AccentColor;
				CODE_SIGN_STYLE = Automatic;
				DEVELOPMENT_TEAM = U969WBXYCP;
				INFOPLIST_FILE = "Today In History/Info.plist";
				LD_RUNPATH_SEARCH_PATHS = (
					"$(inherited)",
					"@executable_path/Frameworks",
				);
				PRODUCT_BUNDLE_IDENTIFIER = "com.Squee.This-Day-In-History";
				PRODUCT_NAME = "$(TARGET_NAME)";
				SWIFT_VERSION = 5.0;
				TARGETED_DEVICE_FAMILY = "1,2";
			};
			name = Debug;
		};
		855D4DF1252E780E0075514C /* Release */ = {
			isa = XCBuildConfiguration;
			buildSettings = {
				ASSETCATALOG_COMPILER_APPICON_NAME = AppIcon;
				ASSETCATALOG_COMPILER_GLOBAL_ACCENT_COLOR_NAME = AccentColor;
				CODE_SIGN_STYLE = Automatic;
				DEVELOPMENT_TEAM = U969WBXYCP;
				INFOPLIST_FILE = "Today In History/Info.plist";
				LD_RUNPATH_SEARCH_PATHS = (
					"$(inherited)",
					"@executable_path/Frameworks",
				);
				PRODUCT_BUNDLE_IDENTIFIER = "com.Squee.This-Day-In-History";
				PRODUCT_NAME = "$(TARGET_NAME)";
				SWIFT_VERSION = 5.0;
				TARGETED_DEVICE_FAMILY = "1,2";
			};
			name = Release;
		};
/* End XCBuildConfiguration section */

/* Begin XCConfigurationList section */
		855D4DD6252E780D0075514C /* Build configuration list for PBXProject "Today In History" */ = {
			isa = XCConfigurationList;
			buildConfigurations = (
				855D4DED252E780E0075514C /* Debug */,
				855D4DEE252E780E0075514C /* Release */,
			);
			defaultConfigurationIsVisible = 0;
			defaultConfigurationName = Release;
		};
		855D4DEF252E780E0075514C /* Build configuration list for PBXNativeTarget "Today In History" */ = {
			isa = XCConfigurationList;
			buildConfigurations = (
				855D4DF0252E780E0075514C /* Debug */,
				855D4DF1252E780E0075514C /* Release */,
			);
			defaultConfigurationIsVisible = 0;
			defaultConfigurationName = Release;
		};
/* End XCConfigurationList section */
	};
	rootObject = 855D4DD3252E780D0075514C /* Project object */;
}
